// !$*UTF8*$!
{
	archiveVersion = 1;
	classes = {
	};
	objectVersion = 50;
	objects = {

/* Begin PBXBuildFile section */
		1A8F980A24BDD9730032CF59 /* AppDelegate.swift in Sources */ = {isa = PBXBuildFile; fileRef = 1A8F980924BDD9730032CF59 /* AppDelegate.swift */; };
		1A8F980C24BDD9730032CF59 /* SceneDelegate.swift in Sources */ = {isa = PBXBuildFile; fileRef = 1A8F980B24BDD9730032CF59 /* SceneDelegate.swift */; };
		1A8F980E24BDD9730032CF59 /* EmojiArtDocumentView.swift in Sources */ = {isa = PBXBuildFile; fileRef = 1A8F980D24BDD9730032CF59 /* EmojiArtDocumentView.swift */; };
		1A8F981024BDD9760032CF59 /* Assets.xcassets in Resources */ = {isa = PBXBuildFile; fileRef = 1A8F980F24BDD9760032CF59 /* Assets.xcassets */; };
		1A8F981324BDD9760032CF59 /* Preview Assets.xcassets in Resources */ = {isa = PBXBuildFile; fileRef = 1A8F981224BDD9760032CF59 /* Preview Assets.xcassets */; };
		1A8F981624BDD9760032CF59 /* LaunchScreen.storyboard in Resources */ = {isa = PBXBuildFile; fileRef = 1A8F981424BDD9760032CF59 /* LaunchScreen.storyboard */; };
		1A8F981E24BDD9920032CF59 /* EmojiArtDocument.swift in Sources */ = {isa = PBXBuildFile; fileRef = 1A8F981D24BDD9920032CF59 /* EmojiArtDocument.swift */; };
		1A8F982024BDDDB50032CF59 /* EmojiArt.swift in Sources */ = {isa = PBXBuildFile; fileRef = 1A8F981F24BDDDB50032CF59 /* EmojiArt.swift */; };
		1A8F982224BDE22D0032CF59 /* EmojiArtExtensions.swift in Sources */ = {isa = PBXBuildFile; fileRef = 1A8F982124BDE22D0032CF59 /* EmojiArtExtensions.swift */; };
		1A8F982424BE34670032CF59 /* OptionalImage.swift in Sources */ = {isa = PBXBuildFile; fileRef = 1A8F982324BE34670032CF59 /* OptionalImage.swift */; };
		1A8F982624BE37C00032CF59 /* AnimatableSystemFontModifier.swift in Sources */ = {isa = PBXBuildFile; fileRef = 1A8F982524BE37C00032CF59 /* AnimatableSystemFontModifier.swift */; };
		1AA8484824CDEAC7008E25A8 /* Spinning.swift in Sources */ = {isa = PBXBuildFile; fileRef = 1AA8484724CDEAC7008E25A8 /* Spinning.swift */; };
		1AA8484A24CDEC5A008E25A8 /* PaletteChooser.swift in Sources */ = {isa = PBXBuildFile; fileRef = 1AA8484924CDEC5A008E25A8 /* PaletteChooser.swift */; };
		1AA8484C24CDF20A008E25A8 /* EmojiArtDocumentPalette.swift in Sources */ = {isa = PBXBuildFile; fileRef = 1AA8484B24CDF20A008E25A8 /* EmojiArtDocumentPalette.swift */; };
		1AA8484F24CE02E1008E25A8 /* Grid.swift in Sources */ = {isa = PBXBuildFile; fileRef = 1AA8484D24CE02E1008E25A8 /* Grid.swift */; };
		1AA8485024CE02E1008E25A8 /* GridLayout.swift in Sources */ = {isa = PBXBuildFile; fileRef = 1AA8484E24CE02E1008E25A8 /* GridLayout.swift */; };
		1AA8485224CEF4F6008E25A8 /* EmojiArtDocumentStore.swift in Sources */ = {isa = PBXBuildFile; fileRef = 1AA8485124CEF4F6008E25A8 /* EmojiArtDocumentStore.swift */; };
		1AA8485424CEF742008E25A8 /* EmojiArtDocumentChooser.swift in Sources */ = {isa = PBXBuildFile; fileRef = 1AA8485324CEF742008E25A8 /* EmojiArtDocumentChooser.swift */; };
		1AA8485624CF06AB008E25A8 /* EditableText.swift in Sources */ = {isa = PBXBuildFile; fileRef = 1AA8485524CF06AB008E25A8 /* EditableText.swift */; };
/* End PBXBuildFile section */

/* Begin PBXFileReference section */
		1A8F980624BDD9730032CF59 /* Emoji Art.app */ = {isa = PBXFileReference; explicitFileType = wrapper.application; includeInIndex = 0; path = "Emoji Art.app"; sourceTree = BUILT_PRODUCTS_DIR; };
		1A8F980924BDD9730032CF59 /* AppDelegate.swift */ = {isa = PBXFileReference; lastKnownFileType = sourcecode.swift; path = AppDelegate.swift; sourceTree = "<group>"; };
		1A8F980B24BDD9730032CF59 /* SceneDelegate.swift */ = {isa = PBXFileReference; lastKnownFileType = sourcecode.swift; path = SceneDelegate.swift; sourceTree = "<group>"; };
		1A8F980D24BDD9730032CF59 /* EmojiArtDocumentView.swift */ = {isa = PBXFileReference; lastKnownFileType = sourcecode.swift; path = EmojiArtDocumentView.swift; sourceTree = "<group>"; };
		1A8F980F24BDD9760032CF59 /* Assets.xcassets */ = {isa = PBXFileReference; lastKnownFileType = folder.assetcatalog; path = Assets.xcassets; sourceTree = "<group>"; };
		1A8F981224BDD9760032CF59 /* Preview Assets.xcassets */ = {isa = PBXFileReference; lastKnownFileType = folder.assetcatalog; path = "Preview Assets.xcassets"; sourceTree = "<group>"; };
		1A8F981524BDD9760032CF59 /* Base */ = {isa = PBXFileReference; lastKnownFileType = file.storyboard; name = Base; path = Base.lproj/LaunchScreen.storyboard; sourceTree = "<group>"; };
		1A8F981724BDD9760032CF59 /* Info.plist */ = {isa = PBXFileReference; lastKnownFileType = text.plist.xml; path = Info.plist; sourceTree = "<group>"; };
		1A8F981D24BDD9920032CF59 /* EmojiArtDocument.swift */ = {isa = PBXFileReference; lastKnownFileType = sourcecode.swift; path = EmojiArtDocument.swift; sourceTree = SOURCE_ROOT; };
		1A8F981F24BDDDB50032CF59 /* EmojiArt.swift */ = {isa = PBXFileReference; lastKnownFileType = sourcecode.swift; path = EmojiArt.swift; sourceTree = SOURCE_ROOT; };
		1A8F982124BDE22D0032CF59 /* EmojiArtExtensions.swift */ = {isa = PBXFileReference; fileEncoding = 4; lastKnownFileType = sourcecode.swift; path = EmojiArtExtensions.swift; sourceTree = "<group>"; };
		1A8F982324BE34670032CF59 /* OptionalImage.swift */ = {isa = PBXFileReference; lastKnownFileType = sourcecode.swift; path = OptionalImage.swift; sourceTree = "<group>"; };
		1A8F982524BE37C00032CF59 /* AnimatableSystemFontModifier.swift */ = {isa = PBXFileReference; fileEncoding = 4; lastKnownFileType = sourcecode.swift; path = AnimatableSystemFontModifier.swift; sourceTree = "<group>"; };
		1AA8484724CDEAC7008E25A8 /* Spinning.swift */ = {isa = PBXFileReference; fileEncoding = 4; lastKnownFileType = sourcecode.swift; path = Spinning.swift; sourceTree = "<group>"; };
		1AA8484924CDEC5A008E25A8 /* PaletteChooser.swift */ = {isa = PBXFileReference; lastKnownFileType = sourcecode.swift; path = PaletteChooser.swift; sourceTree = "<group>"; };
		1AA8484B24CDF20A008E25A8 /* EmojiArtDocumentPalette.swift */ = {isa = PBXFileReference; fileEncoding = 4; lastKnownFileType = sourcecode.swift; path = EmojiArtDocumentPalette.swift; sourceTree = "<group>"; };
		1AA8484D24CE02E1008E25A8 /* Grid.swift */ = {isa = PBXFileReference; fileEncoding = 4; lastKnownFileType = sourcecode.swift; path = Grid.swift; sourceTree = "<group>"; };
		1AA8484E24CE02E1008E25A8 /* GridLayout.swift */ = {isa = PBXFileReference; fileEncoding = 4; lastKnownFileType = sourcecode.swift; path = GridLayout.swift; sourceTree = "<group>"; };
		1AA8485124CEF4F6008E25A8 /* EmojiArtDocumentStore.swift */ = {isa = PBXFileReference; fileEncoding = 4; lastKnownFileType = sourcecode.swift; path = EmojiArtDocumentStore.swift; sourceTree = "<group>"; };
		1AA8485324CEF742008E25A8 /* EmojiArtDocumentChooser.swift */ = {isa = PBXFileReference; lastKnownFileType = sourcecode.swift; path = EmojiArtDocumentChooser.swift; sourceTree = "<group>"; };
		1AA8485524CF06AB008E25A8 /* EditableText.swift */ = {isa = PBXFileReference; fileEncoding = 4; lastKnownFileType = sourcecode.swift; path = EditableText.swift; sourceTree = "<group>"; };
/* End PBXFileReference section */

/* Begin PBXFrameworksBuildPhase section */
		1A8F980324BDD9730032CF59 /* Frameworks */ = {
			isa = PBXFrameworksBuildPhase;
			buildActionMask = 2147483647;
			files = (
			);
			runOnlyForDeploymentPostprocessing = 0;
		};
/* End PBXFrameworksBuildPhase section */

/* Begin PBXGroup section */
		1A8F97FD24BDD9730032CF59 = {
			isa = PBXGroup;
			children = (
				1A8F980824BDD9730032CF59 /* EmojiArt */,
				1A8F980724BDD9730032CF59 /* Products */,
			);
			sourceTree = "<group>";
		};
		1A8F980724BDD9730032CF59 /* Products */ = {
			isa = PBXGroup;
			children = (
				1A8F980624BDD9730032CF59 /* Emoji Art.app */,
			);
			name = Products;
			sourceTree = "<group>";
		};
		1A8F980824BDD9730032CF59 /* EmojiArt */ = {
			isa = PBXGroup;
			children = (
				1A8F981F24BDDDB50032CF59 /* EmojiArt.swift */,
				1A8F981D24BDD9920032CF59 /* EmojiArtDocument.swift */,
				1AA8485124CEF4F6008E25A8 /* EmojiArtDocumentStore.swift */,
				1AA8485324CEF742008E25A8 /* EmojiArtDocumentChooser.swift */,
				1AA8484924CDEC5A008E25A8 /* PaletteChooser.swift */,
				1AA8485524CF06AB008E25A8 /* EditableText.swift */,
				1A8F980D24BDD9730032CF59 /* EmojiArtDocumentView.swift */,
				1AA8484B24CDF20A008E25A8 /* EmojiArtDocumentPalette.swift */,
				1AA8484724CDEAC7008E25A8 /* Spinning.swift */,
				1A8F982324BE34670032CF59 /* OptionalImage.swift */,
				1A8F982524BE37C00032CF59 /* AnimatableSystemFontModifier.swift */,
				1A8F982124BDE22D0032CF59 /* EmojiArtExtensions.swift */,
				1A8F980F24BDD9760032CF59 /* Assets.xcassets */,
				1AA8484D24CE02E1008E25A8 /* Grid.swift */,
				1AA8484E24CE02E1008E25A8 /* GridLayout.swift */,
				1A8F980924BDD9730032CF59 /* AppDelegate.swift */,
				1A8F980B24BDD9730032CF59 /* SceneDelegate.swift */,
				1A8F981424BDD9760032CF59 /* LaunchScreen.storyboard */,
				1A8F981724BDD9760032CF59 /* Info.plist */,
				1A8F981124BDD9760032CF59 /* Preview Content */,
			);
			path = EmojiArt;
			sourceTree = "<group>";
		};
		1A8F981124BDD9760032CF59 /* Preview Content */ = {
			isa = PBXGroup;
			children = (
				1A8F981224BDD9760032CF59 /* Preview Assets.xcassets */,
			);
			path = "Preview Content";
			sourceTree = "<group>";
		};
/* End PBXGroup section */

/* Begin PBXNativeTarget section */
		1A8F980524BDD9730032CF59 /* EmojiArt */ = {
			isa = PBXNativeTarget;
			buildConfigurationList = 1A8F981A24BDD9760032CF59 /* Build configuration list for PBXNativeTarget "EmojiArt" */;
			buildPhases = (
				1A8F980224BDD9730032CF59 /* Sources */,
				1A8F980324BDD9730032CF59 /* Frameworks */,
				1A8F980424BDD9730032CF59 /* Resources */,
			);
			buildRules = (
			);
			dependencies = (
			);
			name = EmojiArt;
			productName = EmojiArt;
			productReference = 1A8F980624BDD9730032CF59 /* Emoji Art.app */;
			productType = "com.apple.product-type.application";
		};
/* End PBXNativeTarget section */

/* Begin PBXProject section */
		1A8F97FE24BDD9730032CF59 /* Project object */ = {
			isa = PBXProject;
			attributes = {
				LastSwiftUpdateCheck = 1150;
				LastUpgradeCheck = 1150;
				ORGANIZATIONNAME = jamesbyrne;
				TargetAttributes = {
					1A8F980524BDD9730032CF59 = {
						CreatedOnToolsVersion = 11.5;
					};
				};
			};
			buildConfigurationList = 1A8F980124BDD9730032CF59 /* Build configuration list for PBXProject "EmojiArt" */;
			compatibilityVersion = "Xcode 9.3";
			developmentRegion = en;
			hasScannedForEncodings = 0;
			knownRegions = (
				en,
				Base,
			);
			mainGroup = 1A8F97FD24BDD9730032CF59;
			productRefGroup = 1A8F980724BDD9730032CF59 /* Products */;
			projectDirPath = "";
			projectRoot = "";
			targets = (
				1A8F980524BDD9730032CF59 /* EmojiArt */,
			);
		};
/* End PBXProject section */

/* Begin PBXResourcesBuildPhase section */
		1A8F980424BDD9730032CF59 /* Resources */ = {
			isa = PBXResourcesBuildPhase;
			buildActionMask = 2147483647;
			files = (
				1A8F981624BDD9760032CF59 /* LaunchScreen.storyboard in Resources */,
				1A8F981324BDD9760032CF59 /* Preview Assets.xcassets in Resources */,
				1A8F981024BDD9760032CF59 /* Assets.xcassets in Resources */,
			);
			runOnlyForDeploymentPostprocessing = 0;
		};
/* End PBXResourcesBuildPhase section */

/* Begin PBXSourcesBuildPhase section */
		1A8F980224BDD9730032CF59 /* Sources */ = {
			isa = PBXSourcesBuildPhase;
			buildActionMask = 2147483647;
			files = (
				1AA8484C24CDF20A008E25A8 /* EmojiArtDocumentPalette.swift in Sources */,
				1A8F980A24BDD9730032CF59 /* AppDelegate.swift in Sources */,
				1A8F980C24BDD9730032CF59 /* SceneDelegate.swift in Sources */,
				1A8F982224BDE22D0032CF59 /* EmojiArtExtensions.swift in Sources */,
				1A8F982024BDDDB50032CF59 /* EmojiArt.swift in Sources */,
				1A8F980E24BDD9730032CF59 /* EmojiArtDocumentView.swift in Sources */,
				1AA8485024CE02E1008E25A8 /* GridLayout.swift in Sources */,
				1A8F982424BE34670032CF59 /* OptionalImage.swift in Sources */,
				1AA8484824CDEAC7008E25A8 /* Spinning.swift in Sources */,
				1AA8485224CEF4F6008E25A8 /* EmojiArtDocumentStore.swift in Sources */,
				1A8F982624BE37C00032CF59 /* AnimatableSystemFontModifier.swift in Sources */,
				1AA8485424CEF742008E25A8 /* EmojiArtDocumentChooser.swift in Sources */,
				1AA8485624CF06AB008E25A8 /* EditableText.swift in Sources */,
				1A8F981E24BDD9920032CF59 /* EmojiArtDocument.swift in Sources */,
				1AA8484A24CDEC5A008E25A8 /* PaletteChooser.swift in Sources */,
				1AA8484F24CE02E1008E25A8 /* Grid.swift in Sources */,
			);
			runOnlyForDeploymentPostprocessing = 0;
		};
/* End PBXSourcesBuildPhase section */

/* Begin PBXVariantGroup section */
		1A8F981424BDD9760032CF59 /* LaunchScreen.storyboard */ = {
			isa = PBXVariantGroup;
			children = (
				1A8F981524BDD9760032CF59 /* Base */,
			);
			name = LaunchScreen.storyboard;
			sourceTree = "<group>";
		};
/* End PBXVariantGroup section */

/* Begin XCBuildConfiguration section */
		1A8F981824BDD9760032CF59 /* Debug */ = {
			isa = XCBuildConfiguration;
			buildSettings = {
				ALWAYS_SEARCH_USER_PATHS = NO;
				CLANG_ANALYZER_NONNULL = YES;
				CLANG_ANALYZER_NUMBER_OBJECT_CONVERSION = YES_AGGRESSIVE;
				CLANG_CXX_LANGUAGE_STANDARD = "gnu++14";
				CLANG_CXX_LIBRARY = "libc++";
				CLANG_ENABLE_MODULES = YES;
				CLANG_ENABLE_OBJC_ARC = YES;
				CLANG_ENABLE_OBJC_WEAK = YES;
				CLANG_WARN_BLOCK_CAPTURE_AUTORELEASING = YES;
				CLANG_WARN_BOOL_CONVERSION = YES;
				CLANG_WARN_COMMA = YES;
				CLANG_WARN_CONSTANT_CONVERSION = YES;
				CLANG_WARN_DEPRECATED_OBJC_IMPLEMENTATIONS = YES;
				CLANG_WARN_DIRECT_OBJC_ISA_USAGE = YES_ERROR;
				CLANG_WARN_DOCUMENTATION_COMMENTS = YES;
				CLANG_WARN_EMPTY_BODY = YES;
				CLANG_WARN_ENUM_CONVERSION = YES;
				CLANG_WARN_INFINITE_RECURSION = YES;
				CLANG_WARN_INT_CONVERSION = YES;
				CLANG_WARN_NON_LITERAL_NULL_CONVERSION = YES;
				CLANG_WARN_OBJC_IMPLICIT_RETAIN_SELF = YES;
				CLANG_WARN_OBJC_LITERAL_CONVERSION = YES;
				CLANG_WARN_OBJC_ROOT_CLASS = YES_ERROR;
				CLANG_WARN_RANGE_LOOP_ANALYSIS = YES;
				CLANG_WARN_STRICT_PROTOTYPES = YES;
				CLANG_WARN_SUSPICIOUS_MOVE = YES;
				CLANG_WARN_UNGUARDED_AVAILABILITY = YES_AGGRESSIVE;
				CLANG_WARN_UNREACHABLE_CODE = YES;
				CLANG_WARN__DUPLICATE_METHOD_MATCH = YES;
				COPY_PHASE_STRIP = NO;
				DEBUG_INFORMATION_FORMAT = dwarf;
				ENABLE_STRICT_OBJC_MSGSEND = YES;
				ENABLE_TESTABILITY = YES;
				GCC_C_LANGUAGE_STANDARD = gnu11;
				GCC_DYNAMIC_NO_PIC = NO;
				GCC_NO_COMMON_BLOCKS = YES;
				GCC_OPTIMIZATION_LEVEL = 0;
				GCC_PREPROCESSOR_DEFINITIONS = (
					"DEBUG=1",
					"$(inherited)",
				);
				GCC_WARN_64_TO_32_BIT_CONVERSION = YES;
				GCC_WARN_ABOUT_RETURN_TYPE = YES_ERROR;
				GCC_WARN_UNDECLARED_SELECTOR = YES;
				GCC_WARN_UNINITIALIZED_AUTOS = YES_AGGRESSIVE;
				GCC_WARN_UNUSED_FUNCTION = YES;
				GCC_WARN_UNUSED_VARIABLE = YES;
				IPHONEOS_DEPLOYMENT_TARGET = 13.5;
				MTL_ENABLE_DEBUG_INFO = INCLUDE_SOURCE;
				MTL_FAST_MATH = YES;
				ONLY_ACTIVE_ARCH = YES;
				SDKROOT = iphoneos;
				SWIFT_ACTIVE_COMPILATION_CONDITIONS = DEBUG;
				SWIFT_OPTIMIZATION_LEVEL = "-Onone";
			};
			name = Debug;
		};
		1A8F981924BDD9760032CF59 /* Release */ = {
			isa = XCBuildConfiguration;
			buildSettings = {
				ALWAYS_SEARCH_USER_PATHS = NO;
				CLANG_ANALYZER_NONNULL = YES;
				CLANG_ANALYZER_NUMBER_OBJECT_CONVERSION = YES_AGGRESSIVE;
				CLANG_CXX_LANGUAGE_STANDARD = "gnu++14";
				CLANG_CXX_LIBRARY = "libc++";
				CLANG_ENABLE_MODULES = YES;
				CLANG_ENABLE_OBJC_ARC = YES;
				CLANG_ENABLE_OBJC_WEAK = YES;
				CLANG_WARN_BLOCK_CAPTURE_AUTORELEASING = YES;
				CLANG_WARN_BOOL_CONVERSION = YES;
				CLANG_WARN_COMMA = YES;
				CLANG_WARN_CONSTANT_CONVERSION = YES;
				CLANG_WARN_DEPRECATED_OBJC_IMPLEMENTATIONS = YES;
				CLANG_WARN_DIRECT_OBJC_ISA_USAGE = YES_ERROR;
				CLANG_WARN_DOCUMENTATION_COMMENTS = YES;
				CLANG_WARN_EMPTY_BODY = YES;
				CLANG_WARN_ENUM_CONVERSION = YES;
				CLANG_WARN_INFINITE_RECURSION = YES;
				CLANG_WARN_INT_CONVERSION = YES;
				CLANG_WARN_NON_LITERAL_NULL_CONVERSION = YES;
				CLANG_WARN_OBJC_IMPLICIT_RETAIN_SELF = YES;
				CLANG_WARN_OBJC_LITERAL_CONVERSION = YES;
				CLANG_WARN_OBJC_ROOT_CLASS = YES_ERROR;
				CLANG_WARN_RANGE_LOOP_ANALYSIS = YES;
				CLANG_WARN_STRICT_PROTOTYPES = YES;
				CLANG_WARN_SUSPICIOUS_MOVE = YES;
				CLANG_WARN_UNGUARDED_AVAILABILITY = YES_AGGRESSIVE;
				CLANG_WARN_UNREACHABLE_CODE = YES;
				CLANG_WARN__DUPLICATE_METHOD_MATCH = YES;
				COPY_PHASE_STRIP = NO;
				DEBUG_INFORMATION_FORMAT = "dwarf-with-dsym";
				ENABLE_NS_ASSERTIONS = NO;
				ENABLE_STRICT_OBJC_MSGSEND = YES;
				GCC_C_LANGUAGE_STANDARD = gnu11;
				GCC_NO_COMMON_BLOCKS = YES;
				GCC_WARN_64_TO_32_BIT_CONVERSION = YES;
				GCC_WARN_ABOUT_RETURN_TYPE = YES_ERROR;
				GCC_WARN_UNDECLARED_SELECTOR = YES;
				GCC_WARN_UNINITIALIZED_AUTOS = YES_AGGRESSIVE;
				GCC_WARN_UNUSED_FUNCTION = YES;
				GCC_WARN_UNUSED_VARIABLE = YES;
				IPHONEOS_DEPLOYMENT_TARGET = 13.5;
				MTL_ENABLE_DEBUG_INFO = NO;
				MTL_FAST_MATH = YES;
				SDKROOT = iphoneos;
				SWIFT_COMPILATION_MODE = wholemodule;
				SWIFT_OPTIMIZATION_LEVEL = "-O";
				VALIDATE_PRODUCT = YES;
			};
			name = Release;
		};
		1A8F981B24BDD9760032CF59 /* Debug */ = {
			isa = XCBuildConfiguration;
			buildSettings = {
				ASSETCATALOG_COMPILER_APPICON_NAME = AppIcon;
				CODE_SIGN_STYLE = Automatic;
				DEVELOPMENT_ASSET_PATHS = "\"EmojiArt/Preview Content\"";
				ENABLE_PREVIEWS = YES;
				INFOPLIST_FILE = EmojiArt/Info.plist;
				LD_RUNPATH_SEARCH_PATHS = (
					"$(inherited)",
					"@executable_path/Frameworks",
				);
				PRODUCT_BUNDLE_IDENTIFIER = "com.gmail-jamesbyrne113.EmojiArt";
				PRODUCT_NAME = "Emoji Art";
				SWIFT_VERSION = 5.0;
				TARGETED_DEVICE_FAMILY = "1,2";
			};
			name = Debug;
		};
		1A8F981C24BDD9760032CF59 /* Release */ = {
			isa = XCBuildConfiguration;
			buildSettings = {
				ASSETCATALOG_COMPILER_APPICON_NAME = AppIcon;
				CODE_SIGN_STYLE = Automatic;
				DEVELOPMENT_ASSET_PATHS = "\"EmojiArt/Preview Content\"";
				ENABLE_PREVIEWS = YES;
				INFOPLIST_FILE = EmojiArt/Info.plist;
				LD_RUNPATH_SEARCH_PATHS = (
					"$(inherited)",
					"@executable_path/Frameworks",
				);
				PRODUCT_BUNDLE_IDENTIFIER = "com.gmail-jamesbyrne113.EmojiArt";
				PRODUCT_NAME = "Emoji Art";
				SWIFT_VERSION = 5.0;
				TARGETED_DEVICE_FAMILY = "1,2";
			};
			name = Release;
		};
/* End XCBuildConfiguration section */

/* Begin XCConfigurationList section */
		1A8F980124BDD9730032CF59 /* Build configuration list for PBXProject "EmojiArt" */ = {
			isa = XCConfigurationList;
			buildConfigurations = (
				1A8F981824BDD9760032CF59 /* Debug */,
				1A8F981924BDD9760032CF59 /* Release */,
			);
			defaultConfigurationIsVisible = 0;
			defaultConfigurationName = Release;
		};
		1A8F981A24BDD9760032CF59 /* Build configuration list for PBXNativeTarget "EmojiArt" */ = {
			isa = XCConfigurationList;
			buildConfigurations = (
				1A8F981B24BDD9760032CF59 /* Debug */,
				1A8F981C24BDD9760032CF59 /* Release */,
			);
			defaultConfigurationIsVisible = 0;
			defaultConfigurationName = Release;
		};
/* End XCConfigurationList section */
	};
	rootObject = 1A8F97FE24BDD9730032CF59 /* Project object */;
}
